Microsoft Visual Studio Solution File, Format Version 12.00
# Visual Studio Version 17
VisualStudioVersion = 17.5.2.0
MinimumVisualStudioVersion = 10.0.40219.1
Project("{FAE04EC0-301F-11D3-BF4B-00C04F79EFBC}") = "Globomantics.Mcp.Server", "Globomantics.Mcp.Server\Globomantics.Mcp.Server.csproj", "{BB9E3836-003A-9A8C-6C45-D8303E4420F7}"
EndProject
Global
	GlobalSection(SolutionConfigurationPlatforms) = preSolution
		Debug|Any CPU = Debug|Any CPU
		Release|Any CPU = Release|Any CPU
	EndGlobalSection
	GlobalSection(ProjectConfigurationPlatforms) = postSolution
		{BB9E3836-003A-9A8C-6C45-D8303E4420F7}.Debug|Any CPU.ActiveCfg = Debug|Any CPU
		{BB9E3836-003A-9A8C-6C45-D8303E4420F7}.Debug|Any CPU.Build.0 = Debug|Any CPU
		{BB9E3836-003A-9A8C-6C45-D8303E4420F7}.Release|Any CPU.ActiveCfg = Release|Any CPU
		{BB9E3836-003A-9A8C-6C45-D8303E4420F7}.Release|Any CPU.Build.0 = Release|Any CPU
	EndGlobalSection
	GlobalSection(SolutionProperties) = preSolution
		HideSolutionNode = FALSE
	EndGlobalSection
	GlobalSection(ExtensibilityGlobals) = postSolution
		SolutionGuid = {B7C1950D-94C1-4AB4-9E26-B9C1C1BB4D5D}
	EndGlobalSection
EndGlobal
